
Microsoft Visual Studio Solution File, Format Version 12.00
# Visual Studio Version 16
VisualStudioVersion = 16.0.29025.244
MinimumVisualStudioVersion = 10.0.40219.1
Project("{FAE04EC0-301F-11D3-BF4B-00C04F79EFBC}") = "SignalRExample.Api", "SignalRExample.Api\SignalRExample.Api.csproj", "{1B7DFE5A-FEC2-46F8-8BAA-013F03C6400F}"
EndProject
Global
	GlobalSection(SolutionConfigurationPlatforms) = preSolution
		Debug|Any CPU = Debug|Any CPU
		Release|Any CPU = Release|Any CPU
	EndGlobalSection
	GlobalSection(ProjectConfigurationPlatforms) = postSolution
		{1B7DFE5A-FEC2-46F8-8BAA-013F03C6400F}.Debug|Any CPU.ActiveCfg = Debug|Any CPU
		{1B7DFE5A-FEC2-46F8-8BAA-013F03C6400F}.Debug|Any CPU.Build.0 = Debug|Any CPU
		{1B7DFE5A-FEC2-46F8-8BAA-013F03C6400F}.Release|Any CPU.ActiveCfg = Release|Any CPU
		{1B7DFE5A-FEC2-46F8-8BAA-013F03C6400F}.Release|Any CPU.Build.0 = Release|Any CPU
	EndGlobalSection
	GlobalSection(SolutionProperties) = preSolution
		HideSolutionNode = FALSE
	EndGlobalSection
	GlobalSection(ExtensibilityGlobals) = postSolution
		SolutionGuid = {5D31425D-9FFC-4512-AD26-B08498E03F1E}
	EndGlobalSection
EndGlobal
